// !$*UTF8*$!
{
	archiveVersion = 1;
	classes = {
	};
	objectVersion = 77;
	objects = {

/* Begin PBXBuildFile section */
		3B3B9B7F2E2FC89300984E92 /* MCEmojiPicker in Frameworks */ = {isa = PBXBuildFile; productRef = 3B3B9B7E2E2FC89300984E92 /* MCEmojiPicker */; };
		3B3B9B812E2FC89300984E92 /* MCEmojiPickerJSON in Frameworks */ = {isa = PBXBuildFile; productRef = 3B3B9B802E2FC89300984E92 /* MCEmojiPickerJSON */; };
		3B3B9B832E2FC8A000984E92 /* WebRTC in Frameworks */ = {isa = PBXBuildFile; productRef = 3B3B9B822E2FC8A000984E92 /* WebRTC */; };
/* End PBXBuildFile section */

/* Begin PBXContainerItemProxy section */
		3BB364E92E2F39DB00B1F051 /* PBXContainerItemProxy */ = {
			isa = PBXContainerItemProxy;
			containerPortal = 3BB364CF2E2F39D900B1F051 /* Project object */;
			proxyType = 1;
			remoteGlobalIDString = 3BB364D62E2F39D900B1F051;
			remoteInfo = "marin-ee";
		};
		3BB364F32E2F39DB00B1F051 /* PBXContainerItemProxy */ = {
			isa = PBXContainerItemProxy;
			containerPortal = 3BB364CF2E2F39D900B1F051 /* Project object */;
			proxyType = 1;
			remoteGlobalIDString = 3BB364D62E2F39D900B1F051;
			remoteInfo = "marin-ee";
		};
/* End PBXContainerItemProxy section */

/* Begin PBXFileReference section */
		3BB364D72E2F39D900B1F051 /* 4-Marin.app */ = {isa = PBXFileReference; explicitFileType = wrapper.application; includeInIndex = 0; path = "4-Marin.app"; sourceTree = BUILT_PRODUCTS_DIR; };
		3BB364E82E2F39DB00B1F051 /* forMarinTests.xctest */ = {isa = PBXFileReference; explicitFileType = wrapper.cfbundle; includeInIndex = 0; path = forMarinTests.xctest; sourceTree = BUILT_PRODUCTS_DIR; };
		3BB364F22E2F39DB00B1F051 /* forMarinUITests.xctest */ = {isa = PBXFileReference; explicitFileType = wrapper.cfbundle; includeInIndex = 0; path = forMarinUITests.xctest; sourceTree = BUILT_PRODUCTS_DIR; };
/* End PBXFileReference section */

/* Begin PBXFileSystemSynchronizedBuildFileExceptionSet section */
		3BB364FA2E2F39DB00B1F051 /* Exceptions for "forMarin" folder in "4-Marin" target */ = {
			isa = PBXFileSystemSynchronizedBuildFileExceptionSet;
			membershipExceptions = (
				Info.plist,
			);
			target = 3BB364D62E2F39D900B1F051 /* 4-Marin */;
		};
/* End PBXFileSystemSynchronizedBuildFileExceptionSet section */

/* Begin PBXFileSystemSynchronizedRootGroup section */
		3BB364D92E2F39D900B1F051 /* forMarin */ = {
			isa = PBXFileSystemSynchronizedRootGroup;
			exceptions = (
				3BB364FA2E2F39DB00B1F051 /* Exceptions for "forMarin" folder in "4-Marin" target */,
			);
			path = forMarin;
			sourceTree = "<group>";
		};
		3BB364EB2E2F39DB00B1F051 /* forMarinTests */ = {
			isa = PBXFileSystemSynchronizedRootGroup;
			path = forMarinTests;
			sourceTree = "<group>";
		};
		3BB364F52E2F39DB00B1F051 /* forMarinUITests */ = {
			isa = PBXFileSystemSynchronizedRootGroup;
			path = forMarinUITests;
			sourceTree = "<group>";
		};
/* End PBXFileSystemSynchronizedRootGroup section */

/* Begin PBXFrameworksBuildPhase section */
		3BB364D42E2F39D900B1F051 /* Frameworks */ = {
			isa = PBXFrameworksBuildPhase;
			buildActionMask = 2147483647;
			files = (
				3B3B9B7F2E2FC89300984E92 /* MCEmojiPicker in Frameworks */,
				3B3B9B832E2FC8A000984E92 /* WebRTC in Frameworks */,
				3B3B9B812E2FC89300984E92 /* MCEmojiPickerJSON in Frameworks */,
			);
			runOnlyForDeploymentPostprocessing = 0;
		};
		3BB364E52E2F39DB00B1F051 /* Frameworks */ = {
			isa = PBXFrameworksBuildPhase;
			buildActionMask = 2147483647;
			files = (
			);
			runOnlyForDeploymentPostprocessing = 0;
		};
		3BB364EF2E2F39DB00B1F051 /* Frameworks */ = {
			isa = PBXFrameworksBuildPhase;
			buildActionMask = 2147483647;
			files = (
			);
			runOnlyForDeploymentPostprocessing = 0;
		};
/* End PBXFrameworksBuildPhase section */

/* Begin PBXGroup section */
		3BB364CE2E2F39D900B1F051 = {
			isa = PBXGroup;
			children = (
				3BB364D92E2F39D900B1F051 /* forMarin */,
				3BB364EB2E2F39DB00B1F051 /* forMarinTests */,
				3BB364F52E2F39DB00B1F051 /* forMarinUITests */,
				3BB364D82E2F39D900B1F051 /* Products */,
			);
			sourceTree = "<group>";
		};
		3BB364D82E2F39D900B1F051 /* Products */ = {
			isa = PBXGroup;
			children = (
				3BB364D72E2F39D900B1F051 /* 4-Marin.app */,
				3BB364E82E2F39DB00B1F051 /* forMarinTests.xctest */,
				3BB364F22E2F39DB00B1F051 /* forMarinUITests.xctest */,
			);
			name = Products;
			sourceTree = "<group>";
		};
/* End PBXGroup section */

/* Begin PBXNativeTarget section */
		3BB364D62E2F39D900B1F051 /* 4-Marin */ = {
			isa = PBXNativeTarget;
			buildConfigurationList = 3BB364FB2E2F39DB00B1F051 /* Build configuration list for PBXNativeTarget "4-Marin" */;
			buildPhases = (
				3BB364D32E2F39D900B1F051 /* Sources */,
				3BB364D42E2F39D900B1F051 /* Frameworks */,
				3BB364D52E2F39D900B1F051 /* Resources */,
			);
			buildRules = (
			);
			dependencies = (
			);
			fileSystemSynchronizedGroups = (
				3BB364D92E2F39D900B1F051 /* forMarin */,
			);
			name = "4-Marin";
			packageProductDependencies = (
				3B3B9B7E2E2FC89300984E92 /* MCEmojiPicker */,
				3B3B9B802E2FC89300984E92 /* MCEmojiPickerJSON */,
				3B3B9B822E2FC8A000984E92 /* WebRTC */,
			);
			productName = "marin-ee";
			productReference = 3BB364D72E2F39D900B1F051 /* 4-Marin.app */;
			productType = "com.apple.product-type.application";
		};
		3BB364E72E2F39DB00B1F051 /* forMarinTests */ = {
			isa = PBXNativeTarget;
			buildConfigurationList = 3BB365002E2F39DB00B1F051 /* Build configuration list for PBXNativeTarget "forMarinTests" */;
			buildPhases = (
				3BB364E42E2F39DB00B1F051 /* Sources */,
				3BB364E52E2F39DB00B1F051 /* Frameworks */,
				3BB364E62E2F39DB00B1F051 /* Resources */,
			);
			buildRules = (
			);
			dependencies = (
				3BB364EA2E2F39DB00B1F051 /* PBXTargetDependency */,
			);
			fileSystemSynchronizedGroups = (
				3BB364EB2E2F39DB00B1F051 /* forMarinTests */,
			);
			name = forMarinTests;
			packageProductDependencies = (
			);
			productName = "marin-eeTests";
			productReference = 3BB364E82E2F39DB00B1F051 /* forMarinTests.xctest */;
			productType = "com.apple.product-type.bundle.unit-test";
		};
		3BB364F12E2F39DB00B1F051 /* forMarinUITests */ = {
			isa = PBXNativeTarget;
			buildConfigurationList = 3BB365032E2F39DB00B1F051 /* Build configuration list for PBXNativeTarget "forMarinUITests" */;
			buildPhases = (
				3BB364EE2E2F39DB00B1F051 /* Sources */,
				3BB364EF2E2F39DB00B1F051 /* Frameworks */,
				3BB364F02E2F39DB00B1F051 /* Resources */,
			);
			buildRules = (
			);
			dependencies = (
				3BB364F42E2F39DB00B1F051 /* PBXTargetDependency */,
			);
			fileSystemSynchronizedGroups = (
				3BB364F52E2F39DB00B1F051 /* forMarinUITests */,
			);
			name = forMarinUITests;
			packageProductDependencies = (
			);
			productName = "marin-eeUITests";
			productReference = 3BB364F22E2F39DB00B1F051 /* forMarinUITests.xctest */;
			productType = "com.apple.product-type.bundle.ui-testing";
		};
/* End PBXNativeTarget section */

/* Begin PBXProject section */
		3BB364CF2E2F39D900B1F051 /* Project object */ = {
			isa = PBXProject;
			attributes = {
				BuildIndependentTargetsInParallel = 1;
				LastSwiftUpdateCheck = 1640;
				LastUpgradeCheck = 2600;
				TargetAttributes = {
					3BB364D62E2F39D900B1F051 = {
						CreatedOnToolsVersion = 16.4;
					};
					3BB364E72E2F39DB00B1F051 = {
						CreatedOnToolsVersion = 16.4;
						TestTargetID = 3BB364D62E2F39D900B1F051;
					};
					3BB364F12E2F39DB00B1F051 = {
						CreatedOnToolsVersion = 16.4;
						TestTargetID = 3BB364D62E2F39D900B1F051;
					};
				};
			};
			buildConfigurationList = 3BB364D22E2F39D900B1F051 /* Build configuration list for PBXProject "forMarin" */;
			developmentRegion = ja;
			hasScannedForEncodings = 0;
			knownRegions = (
				Base,
				ja,
			);
			mainGroup = 3BB364CE2E2F39D900B1F051;
			minimizedProjectReferenceProxies = 1;
			packageReferences = (
				3BB3651A2E2F52E400B1F051 /* XCRemoteSwiftPackageReference "WebRTC" */,
				3B3B9B782E2FB54700984E92 /* XCRemoteSwiftPackageReference "EmojiPalette" */,
				3B3B9B7B2E2FBB4C00984E92 /* XCRemoteSwiftPackageReference "MCEmojiPicker" */,
			);
			preferredProjectObjectVersion = 77;
			productRefGroup = 3BB364D82E2F39D900B1F051 /* Products */;
			projectDirPath = "";
			projectRoot = "";
			targets = (
				3BB364D62E2F39D900B1F051 /* 4-Marin */,
				3BB364E72E2F39DB00B1F051 /* forMarinTests */,
				3BB364F12E2F39DB00B1F051 /* forMarinUITests */,
			);
		};
/* End PBXProject section */

/* Begin PBXResourcesBuildPhase section */
		3BB364D52E2F39D900B1F051 /* Resources */ = {
			isa = PBXResourcesBuildPhase;
			buildActionMask = 2147483647;
			files = (
			);
			runOnlyForDeploymentPostprocessing = 0;
		};
		3BB364E62E2F39DB00B1F051 /* Resources */ = {
			isa = PBXResourcesBuildPhase;
			buildActionMask = 2147483647;
			files = (
			);
			runOnlyForDeploymentPostprocessing = 0;
		};
		3BB364F02E2F39DB00B1F051 /* Resources */ = {
			isa = PBXResourcesBuildPhase;
			buildActionMask = 2147483647;
			files = (
			);
			runOnlyForDeploymentPostprocessing = 0;
		};
/* End PBXResourcesBuildPhase section */

/* Begin PBXSourcesBuildPhase section */
		3BB364D32E2F39D900B1F051 /* Sources */ = {
			isa = PBXSourcesBuildPhase;
			buildActionMask = 2147483647;
			files = (
			);
			runOnlyForDeploymentPostprocessing = 0;
		};
		3BB364E42E2F39DB00B1F051 /* Sources */ = {
			isa = PBXSourcesBuildPhase;
			buildActionMask = 2147483647;
			files = (
			);
			runOnlyForDeploymentPostprocessing = 0;
		};
		3BB364EE2E2F39DB00B1F051 /* Sources */ = {
			isa = PBXSourcesBuildPhase;
			buildActionMask = 2147483647;
			files = (
			);
			runOnlyForDeploymentPostprocessing = 0;
		};
/* End PBXSourcesBuildPhase section */

/* Begin PBXTargetDependency section */
		3BB364EA2E2F39DB00B1F051 /* PBXTargetDependency */ = {
			isa = PBXTargetDependency;
			target = 3BB364D62E2F39D900B1F051 /* 4-Marin */;
			targetProxy = 3BB364E92E2F39DB00B1F051 /* PBXContainerItemProxy */;
		};
		3BB364F42E2F39DB00B1F051 /* PBXTargetDependency */ = {
			isa = PBXTargetDependency;
			target = 3BB364D62E2F39D900B1F051 /* 4-Marin */;
			targetProxy = 3BB364F32E2F39DB00B1F051 /* PBXContainerItemProxy */;
		};
/* End PBXTargetDependency section */

/* Begin XCBuildConfiguration section */
		3BB364FC2E2F39DB00B1F051 /* Debug */ = {
			isa = XCBuildConfiguration;
			buildSettings = {
				ASSETCATALOG_COMPILER_APPICON_NAME = AppIcon;
				ASSETCATALOG_COMPILER_GLOBAL_ACCENT_COLOR_NAME = AccentColor;
				CODE_SIGN_ENTITLEMENTS = forMarin/forMarin.entitlements;
				CODE_SIGN_STYLE = Automatic;
				CURRENT_PROJECT_VERSION = 1;
				DEAD_CODE_STRIPPING = YES;
				DEVELOPMENT_TEAM = 2YQ8WT2BZY;
				ENABLE_APP_SANDBOX = YES;
				ENABLE_PREVIEWS = YES;
				ENABLE_USER_SELECTED_FILES = readonly;
				GENERATE_INFOPLIST_FILE = YES;
				INFOPLIST_FILE = forMarin/Info.plist;
				INFOPLIST_KEY_CFBundleDisplayName = "4-Marin";
				INFOPLIST_KEY_LSApplicationCategoryType = "public.app-category.social-networking";
				INFOPLIST_KEY_NSCameraUsageDescription = "無音ビデオ通話で映像共有";
				INFOPLIST_KEY_NSMicrophoneUsageDescription = "デュアルカメラ動画にマイクを使用します";
				INFOPLIST_KEY_NSPhotoLibraryAddUsageDescription = "アルバムへ画像を保存します";
				"INFOPLIST_KEY_UIApplicationSceneManifest_Generation[sdk=iphoneos*]" = YES;
				"INFOPLIST_KEY_UIApplicationSceneManifest_Generation[sdk=iphonesimulator*]" = YES;
				"INFOPLIST_KEY_UIApplicationSupportsIndirectInputEvents[sdk=iphoneos*]" = YES;
				"INFOPLIST_KEY_UIApplicationSupportsIndirectInputEvents[sdk=iphonesimulator*]" = YES;
				"INFOPLIST_KEY_UILaunchScreen_Generation[sdk=iphoneos*]" = YES;
				"INFOPLIST_KEY_UILaunchScreen_Generation[sdk=iphonesimulator*]" = YES;
				"INFOPLIST_KEY_UIStatusBarStyle[sdk=iphoneos*]" = UIStatusBarStyleDefault;
				"INFOPLIST_KEY_UIStatusBarStyle[sdk=iphonesimulator*]" = UIStatusBarStyleDefault;
				INFOPLIST_KEY_UISupportedInterfaceOrientations_iPad = "UIInterfaceOrientationPortrait UIInterfaceOrientationPortraitUpsideDown UIInterfaceOrientationLandscapeLeft UIInterfaceOrientationLandscapeRight";
				INFOPLIST_KEY_UISupportedInterfaceOrientations_iPhone = "UIInterfaceOrientationPortrait UIInterfaceOrientationLandscapeLeft UIInterfaceOrientationLandscapeRight";
				IPHONEOS_DEPLOYMENT_TARGET = 17.6;
				LD_RUNPATH_SEARCH_PATHS = "@executable_path/Frameworks";
				"LD_RUNPATH_SEARCH_PATHS[sdk=macosx*]" = "@executable_path/../Frameworks";
				MACOSX_DEPLOYMENT_TARGET = 14.0;
				MARKETING_VERSION = 1.0.5;
				PRODUCT_BUNDLE_IDENTIFIER = "me.2001y.4-marin";
				PRODUCT_NAME = "$(TARGET_NAME)";
				REGISTER_APP_GROUPS = YES;
				SDKROOT = auto;
				SUPPORTED_PLATFORMS = "iphoneos iphonesimulator";
				SUPPORTS_MACCATALYST = NO;
				SWIFT_ACTIVE_COMPILATION_CONDITIONS = "ENGINE_ONLY $(inherited)";
				SWIFT_EMIT_LOC_STRINGS = YES;
				SWIFT_VERSION = 5.0;
				TARGETED_DEVICE_FAMILY = "1,7";
				XROS_DEPLOYMENT_TARGET = 2.5;
			};
			name = Debug;
		};
		3BB364FD2E2F39DB00B1F051 /* Release */ = {
			isa = XCBuildConfiguration;
			buildSettings = {
				ASSETCATALOG_COMPILER_APPICON_NAME = AppIcon;
				ASSETCATALOG_COMPILER_GLOBAL_ACCENT_COLOR_NAME = AccentColor;
				CODE_SIGN_ENTITLEMENTS = forMarin/forMarin.entitlements;
				CODE_SIGN_STYLE = Automatic;
				CURRENT_PROJECT_VERSION = 1;
				DEAD_CODE_STRIPPING = YES;
				DEVELOPMENT_TEAM = 2YQ8WT2BZY;
				ENABLE_APP_SANDBOX = YES;
				ENABLE_PREVIEWS = YES;
				ENABLE_USER_SELECTED_FILES = readonly;
				GENERATE_INFOPLIST_FILE = YES;
				INFOPLIST_FILE = forMarin/Info.plist;
				INFOPLIST_KEY_CFBundleDisplayName = "4-Marin";
				INFOPLIST_KEY_LSApplicationCategoryType = "public.app-category.social-networking";
				INFOPLIST_KEY_NSCameraUsageDescription = "無音ビデオ通話で映像共有";
				INFOPLIST_KEY_NSMicrophoneUsageDescription = "デュアルカメラ動画にマイクを使用します";
				INFOPLIST_KEY_NSPhotoLibraryAddUsageDescription = "アルバムへ画像を保存します";
				"INFOPLIST_KEY_UIApplicationSceneManifest_Generation[sdk=iphoneos*]" = YES;
				"INFOPLIST_KEY_UIApplicationSceneManifest_Generation[sdk=iphonesimulator*]" = YES;
				"INFOPLIST_KEY_UIApplicationSupportsIndirectInputEvents[sdk=iphoneos*]" = YES;
				"INFOPLIST_KEY_UIApplicationSupportsIndirectInputEvents[sdk=iphonesimulator*]" = YES;
				"INFOPLIST_KEY_UILaunchScreen_Generation[sdk=iphoneos*]" = YES;
				"INFOPLIST_KEY_UILaunchScreen_Generation[sdk=iphonesimulator*]" = YES;
				"INFOPLIST_KEY_UIStatusBarStyle[sdk=iphoneos*]" = UIStatusBarStyleDefault;
				"INFOPLIST_KEY_UIStatusBarStyle[sdk=iphonesimulator*]" = UIStatusBarStyleDefault;
				INFOPLIST_KEY_UISupportedInterfaceOrientations_iPad = "UIInterfaceOrientationPortrait UIInterfaceOrientationPortraitUpsideDown UIInterfaceOrientationLandscapeLeft UIInterfaceOrientationLandscapeRight";
				INFOPLIST_KEY_UISupportedInterfaceOrientations_iPhone = "UIInterfaceOrientationPortrait UIInterfaceOrientationLandscapeLeft UIInterfaceOrientationLandscapeRight";
				IPHONEOS_DEPLOYMENT_TARGET = 17.6;
				LD_RUNPATH_SEARCH_PATHS = "@executable_path/Frameworks";
				"LD_RUNPATH_SEARCH_PATHS[sdk=macosx*]" = "@executable_path/../Frameworks";
				MACOSX_DEPLOYMENT_TARGET = 14.0;
				MARKETING_VERSION = 1.0.5;
				PRODUCT_BUNDLE_IDENTIFIER = "me.2001y.4-marin";
				PRODUCT_NAME = "$(TARGET_NAME)";
				REGISTER_APP_GROUPS = YES;
				SDKROOT = auto;
				SUPPORTED_PLATFORMS = "iphoneos iphonesimulator";
				SUPPORTS_MACCATALYST = NO;
				SWIFT_ACTIVE_COMPILATION_CONDITIONS = "ENGINE_ONLY $(inherited)";
				SWIFT_EMIT_LOC_STRINGS = YES;
				SWIFT_VERSION = 5.0;
				TARGETED_DEVICE_FAMILY = "1,7";
				XROS_DEPLOYMENT_TARGET = 2.5;
			};
			name = Release;
		};
		3BB364FE2E2F39DB00B1F051 /* Debug */ = {
			isa = XCBuildConfiguration;
			buildSettings = {
				ALWAYS_SEARCH_USER_PATHS = NO;
				ASSETCATALOG_COMPILER_GENERATE_SWIFT_ASSET_SYMBOL_EXTENSIONS = YES;
				CLANG_ANALYZER_NONNULL = YES;
				CLANG_ANALYZER_NUMBER_OBJECT_CONVERSION = YES_AGGRESSIVE;
				CLANG_CXX_LANGUAGE_STANDARD = "gnu++20";
				CLANG_ENABLE_MODULES = YES;
				CLANG_ENABLE_OBJC_ARC = YES;
				CLANG_ENABLE_OBJC_WEAK = YES;
				CLANG_WARN_BLOCK_CAPTURE_AUTORELEASING = YES;
				CLANG_WARN_BOOL_CONVERSION = YES;
				CLANG_WARN_COMMA = YES;
				CLANG_WARN_CONSTANT_CONVERSION = YES;
				CLANG_WARN_DEPRECATED_OBJC_IMPLEMENTATIONS = YES;
				CLANG_WARN_DIRECT_OBJC_ISA_USAGE = YES_ERROR;
				CLANG_WARN_DOCUMENTATION_COMMENTS = YES;
				CLANG_WARN_EMPTY_BODY = YES;
				CLANG_WARN_ENUM_CONVERSION = YES;
				CLANG_WARN_INFINITE_RECURSION = YES;
				CLANG_WARN_INT_CONVERSION = YES;
				CLANG_WARN_NON_LITERAL_NULL_CONVERSION = YES;
				CLANG_WARN_OBJC_IMPLICIT_RETAIN_SELF = YES;
				CLANG_WARN_OBJC_LITERAL_CONVERSION = YES;
				CLANG_WARN_OBJC_ROOT_CLASS = YES_ERROR;
				CLANG_WARN_QUOTED_INCLUDE_IN_FRAMEWORK_HEADER = YES;
				CLANG_WARN_RANGE_LOOP_ANALYSIS = YES;
				CLANG_WARN_STRICT_PROTOTYPES = YES;
				CLANG_WARN_SUSPICIOUS_MOVE = YES;
				CLANG_WARN_UNGUARDED_AVAILABILITY = YES_AGGRESSIVE;
				CLANG_WARN_UNREACHABLE_CODE = YES;
				CLANG_WARN__DUPLICATE_METHOD_MATCH = YES;
				COPY_PHASE_STRIP = NO;
				DEAD_CODE_STRIPPING = YES;
				DEBUG_INFORMATION_FORMAT = "dwarf-with-dsym";
				ENABLE_STRICT_OBJC_MSGSEND = YES;
				ENABLE_TESTABILITY = YES;
				ENABLE_USER_SCRIPT_SANDBOXING = YES;
				GCC_C_LANGUAGE_STANDARD = gnu17;
				GCC_DYNAMIC_NO_PIC = NO;
				GCC_NO_COMMON_BLOCKS = YES;
				GCC_OPTIMIZATION_LEVEL = 0;
				GCC_PREPROCESSOR_DEFINITIONS = (
					"DEBUG=1",
					"$(inherited)",
				);
				GCC_WARN_64_TO_32_BIT_CONVERSION = YES;
				GCC_WARN_ABOUT_RETURN_TYPE = YES_ERROR;
				GCC_WARN_UNDECLARED_SELECTOR = YES;
				GCC_WARN_UNINITIALIZED_AUTOS = YES_AGGRESSIVE;
				GCC_WARN_UNUSED_FUNCTION = YES;
				GCC_WARN_UNUSED_VARIABLE = YES;
				LOCALIZATION_PREFERS_STRING_CATALOGS = YES;
				MTL_ENABLE_DEBUG_INFO = INCLUDE_SOURCE;
				MTL_FAST_MATH = YES;
				ONLY_ACTIVE_ARCH = YES;
				STRING_CATALOG_GENERATE_SYMBOLS = YES;
				SWIFT_ACTIVE_COMPILATION_CONDITIONS = "DEBUG $(inherited)";
				SWIFT_OPTIMIZATION_LEVEL = "-Onone";
			};
			name = Debug;
		};
		3BB364FF2E2F39DB00B1F051 /* Release */ = {
			isa = XCBuildConfiguration;
			buildSettings = {
				ALWAYS_SEARCH_USER_PATHS = NO;
				ASSETCATALOG_COMPILER_GENERATE_SWIFT_ASSET_SYMBOL_EXTENSIONS = YES;
				CLANG_ANALYZER_NONNULL = YES;
				CLANG_ANALYZER_NUMBER_OBJECT_CONVERSION = YES_AGGRESSIVE;
				CLANG_CXX_LANGUAGE_STANDARD = "gnu++20";
				CLANG_ENABLE_MODULES = YES;
				CLANG_ENABLE_OBJC_ARC = YES;
				CLANG_ENABLE_OBJC_WEAK = YES;
				CLANG_WARN_BLOCK_CAPTURE_AUTORELEASING = YES;
				CLANG_WARN_BOOL_CONVERSION = YES;
				CLANG_WARN_COMMA = YES;
				CLANG_WARN_CONSTANT_CONVERSION = YES;
				CLANG_WARN_DEPRECATED_OBJC_IMPLEMENTATIONS = YES;
				CLANG_WARN_DIRECT_OBJC_ISA_USAGE = YES_ERROR;
				CLANG_WARN_DOCUMENTATION_COMMENTS = YES;
				CLANG_WARN_EMPTY_BODY = YES;
				CLANG_WARN_ENUM_CONVERSION = YES;
				CLANG_WARN_INFINITE_RECURSION = YES;
				CLANG_WARN_INT_CONVERSION = YES;
				CLANG_WARN_NON_LITERAL_NULL_CONVERSION = YES;
				CLANG_WARN_OBJC_IMPLICIT_RETAIN_SELF = YES;
				CLANG_WARN_OBJC_LITERAL_CONVERSION = YES;
				CLANG_WARN_OBJC_ROOT_CLASS = YES_ERROR;
				CLANG_WARN_QUOTED_INCLUDE_IN_FRAMEWORK_HEADER = YES;
				CLANG_WARN_RANGE_LOOP_ANALYSIS = YES;
				CLANG_WARN_STRICT_PROTOTYPES = YES;
				CLANG_WARN_SUSPICIOUS_MOVE = YES;
				CLANG_WARN_UNGUARDED_AVAILABILITY = YES_AGGRESSIVE;
				CLANG_WARN_UNREACHABLE_CODE = YES;
				CLANG_WARN__DUPLICATE_METHOD_MATCH = YES;
				COPY_PHASE_STRIP = NO;
				DEAD_CODE_STRIPPING = YES;
				DEBUG_INFORMATION_FORMAT = "dwarf-with-dsym";
				ENABLE_NS_ASSERTIONS = NO;
				ENABLE_STRICT_OBJC_MSGSEND = YES;
				ENABLE_USER_SCRIPT_SANDBOXING = YES;
				GCC_C_LANGUAGE_STANDARD = gnu17;
				GCC_NO_COMMON_BLOCKS = YES;
				GCC_WARN_64_TO_32_BIT_CONVERSION = YES;
				GCC_WARN_ABOUT_RETURN_TYPE = YES_ERROR;
				GCC_WARN_UNDECLARED_SELECTOR = YES;
				GCC_WARN_UNINITIALIZED_AUTOS = YES_AGGRESSIVE;
				GCC_WARN_UNUSED_FUNCTION = YES;
				GCC_WARN_UNUSED_VARIABLE = YES;
				LOCALIZATION_PREFERS_STRING_CATALOGS = YES;
				MTL_ENABLE_DEBUG_INFO = NO;
				MTL_FAST_MATH = YES;
				STRING_CATALOG_GENERATE_SYMBOLS = YES;
				SWIFT_COMPILATION_MODE = wholemodule;
			};
			name = Release;
		};
		3BB365012E2F39DB00B1F051 /* Debug */ = {
			isa = XCBuildConfiguration;
			buildSettings = {
				BUNDLE_LOADER = "$(TEST_HOST)";
				CODE_SIGN_STYLE = Automatic;
				CURRENT_PROJECT_VERSION = 1;
				DEAD_CODE_STRIPPING = YES;
				GENERATE_INFOPLIST_FILE = YES;
				IPHONEOS_DEPLOYMENT_TARGET = 17.6;
				MACOSX_DEPLOYMENT_TARGET = 15.4;
				MARKETING_VERSION = 1.0;
				PRODUCT_BUNDLE_IDENTIFIER = "me.2001y.4-marinTests";
				PRODUCT_NAME = "$(TARGET_NAME)";
				SDKROOT = auto;
				SUPPORTED_PLATFORMS = "iphoneos iphonesimulator macosx xros xrsimulator";
				SWIFT_EMIT_LOC_STRINGS = NO;
				SWIFT_VERSION = 5.0;
				TARGETED_DEVICE_FAMILY = "1,2,7";
				TEST_HOST = "$(BUILT_PRODUCTS_DIR)/forMarin.app/$(BUNDLE_EXECUTABLE_FOLDER_PATH)/forMarin";
				XROS_DEPLOYMENT_TARGET = 2.5;
			};
			name = Debug;
		};
		3BB365022E2F39DB00B1F051 /* Release */ = {
			isa = XCBuildConfiguration;
			buildSettings = {
				BUNDLE_LOADER = "$(TEST_HOST)";
				CODE_SIGN_STYLE = Automatic;
				CURRENT_PROJECT_VERSION = 1;
				DEAD_CODE_STRIPPING = YES;
				GENERATE_INFOPLIST_FILE = YES;
				IPHONEOS_DEPLOYMENT_TARGET = 17.6;
				MACOSX_DEPLOYMENT_TARGET = 15.4;
				MARKETING_VERSION = 1.0;
				PRODUCT_BUNDLE_IDENTIFIER = "me.2001y.4-marinTests";
				PRODUCT_NAME = "$(TARGET_NAME)";
				SDKROOT = auto;
				SUPPORTED_PLATFORMS = "iphoneos iphonesimulator macosx xros xrsimulator";
				SWIFT_EMIT_LOC_STRINGS = NO;
				SWIFT_VERSION = 5.0;
				TARGETED_DEVICE_FAMILY = "1,2,7";
				TEST_HOST = "$(BUILT_PRODUCTS_DIR)/forMarin.app/$(BUNDLE_EXECUTABLE_FOLDER_PATH)/forMarin";
				XROS_DEPLOYMENT_TARGET = 2.5;
			};
			name = Release;
		};
		3BB365042E2F39DB00B1F051 /* Debug */ = {
			isa = XCBuildConfiguration;
			buildSettings = {
				CODE_SIGN_STYLE = Automatic;
				CURRENT_PROJECT_VERSION = 1;
				DEAD_CODE_STRIPPING = YES;
				GENERATE_INFOPLIST_FILE = YES;
				IPHONEOS_DEPLOYMENT_TARGET = 17.6;
				MACOSX_DEPLOYMENT_TARGET = 15.4;
				MARKETING_VERSION = 1.0;
				PRODUCT_BUNDLE_IDENTIFIER = "me.2001y.4-marinUITests";
				PRODUCT_NAME = "$(TARGET_NAME)";
				SDKROOT = auto;
				SUPPORTED_PLATFORMS = "iphoneos iphonesimulator macosx xros xrsimulator";
				SWIFT_EMIT_LOC_STRINGS = NO;
				SWIFT_VERSION = 5.0;
				TARGETED_DEVICE_FAMILY = "1,2,7";
				TEST_TARGET_NAME = "marin-ee";
				XROS_DEPLOYMENT_TARGET = 2.5;
			};
			name = Debug;
		};
		3BB365052E2F39DB00B1F051 /* Release */ = {
			isa = XCBuildConfiguration;
			buildSettings = {
				CODE_SIGN_STYLE = Automatic;
				CURRENT_PROJECT_VERSION = 1;
				DEAD_CODE_STRIPPING = YES;
				GENERATE_INFOPLIST_FILE = YES;
				IPHONEOS_DEPLOYMENT_TARGET = 17.6;
				MACOSX_DEPLOYMENT_TARGET = 15.4;
				MARKETING_VERSION = 1.0;
				PRODUCT_BUNDLE_IDENTIFIER = "me.2001y.4-marinUITests";
				PRODUCT_NAME = "$(TARGET_NAME)";
				SDKROOT = auto;
				SUPPORTED_PLATFORMS = "iphoneos iphonesimulator macosx xros xrsimulator";
				SWIFT_EMIT_LOC_STRINGS = NO;
				SWIFT_VERSION = 5.0;
				TARGETED_DEVICE_FAMILY = "1,2,7";
				TEST_TARGET_NAME = "marin-ee";
				XROS_DEPLOYMENT_TARGET = 2.5;
			};
			name = Release;
		};
/* End XCBuildConfiguration section */

/* Begin XCConfigurationList section */
		3BB364D22E2F39D900B1F051 /* Build configuration list for PBXProject "forMarin" */ = {
			isa = XCConfigurationList;
			buildConfigurations = (
				3BB364FE2E2F39DB00B1F051 /* Debug */,
				3BB364FF2E2F39DB00B1F051 /* Release */,
			);
			defaultConfigurationIsVisible = 0;
			defaultConfigurationName = Release;
		};
		3BB364FB2E2F39DB00B1F051 /* Build configuration list for PBXNativeTarget "4-Marin" */ = {
			isa = XCConfigurationList;
			buildConfigurations = (
				3BB364FC2E2F39DB00B1F051 /* Debug */,
				3BB364FD2E2F39DB00B1F051 /* Release */,
			);
			defaultConfigurationIsVisible = 0;
			defaultConfigurationName = Release;
		};
		3BB365002E2F39DB00B1F051 /* Build configuration list for PBXNativeTarget "forMarinTests" */ = {
			isa = XCConfigurationList;
			buildConfigurations = (
				3BB365012E2F39DB00B1F051 /* Debug */,
				3BB365022E2F39DB00B1F051 /* Release */,
			);
			defaultConfigurationIsVisible = 0;
			defaultConfigurationName = Release;
		};
		3BB365032E2F39DB00B1F051 /* Build configuration list for PBXNativeTarget "forMarinUITests" */ = {
			isa = XCConfigurationList;
			buildConfigurations = (
				3BB365042E2F39DB00B1F051 /* Debug */,
				3BB365052E2F39DB00B1F051 /* Release */,
			);
			defaultConfigurationIsVisible = 0;
			defaultConfigurationName = Release;
		};
/* End XCConfigurationList section */

/* Begin XCRemoteSwiftPackageReference section */
		3B3B9B782E2FB54700984E92 /* XCRemoteSwiftPackageReference "EmojiPalette" */ = {
			isa = XCRemoteSwiftPackageReference;
			repositoryURL = "https://github.com/Kyome22/EmojiPalette";
			requirement = {
				kind = upToNextMajorVersion;
				minimumVersion = 1.0.1;
			};
		};
		3B3B9B7B2E2FBB4C00984E92 /* XCRemoteSwiftPackageReference "MCEmojiPicker" */ = {
			isa = XCRemoteSwiftPackageReference;
			repositoryURL = "https://github.com/izyumkin/MCEmojiPicker.git";
			requirement = {
				kind = upToNextMajorVersion;
				minimumVersion = 1.2.5;
			};
		};
		3BB3651A2E2F52E400B1F051 /* XCRemoteSwiftPackageReference "WebRTC" */ = {
			isa = XCRemoteSwiftPackageReference;
			repositoryURL = "https://github.com/stasel/WebRTC.git";
			requirement = {
				kind = upToNextMajorVersion;
				minimumVersion = 138.0.0;
			};
		};
/* End XCRemoteSwiftPackageReference section */

/* Begin XCSwiftPackageProductDependency section */
		3B3B9B7E2E2FC89300984E92 /* MCEmojiPicker */ = {
			isa = XCSwiftPackageProductDependency;
			package = 3B3B9B7B2E2FBB4C00984E92 /* XCRemoteSwiftPackageReference "MCEmojiPicker" */;
			productName = MCEmojiPicker;
		};
		3B3B9B802E2FC89300984E92 /* MCEmojiPickerJSON */ = {
			isa = XCSwiftPackageProductDependency;
			package = 3B3B9B7B2E2FBB4C00984E92 /* XCRemoteSwiftPackageReference "MCEmojiPicker" */;
			productName = MCEmojiPickerJSON;
		};
		3B3B9B822E2FC8A000984E92 /* WebRTC */ = {
			isa = XCSwiftPackageProductDependency;
			package = 3BB3651A2E2F52E400B1F051 /* XCRemoteSwiftPackageReference "WebRTC" */;
			productName = WebRTC;
		};
/* End XCSwiftPackageProductDependency section */
	};
	rootObject = 3BB364CF2E2F39D900B1F051 /* Project object */;
}
